// !$*UTF8*$!
{
	archiveVersion = 1;
	classes = {
	};
	objectVersion = 50;
	objects = {

/* Begin PBXBuildFile section */
		6A1677492856E99D000C4B53 /* UIViewController+Utills.swift in Sources */ = {isa = PBXBuildFile; fileRef = 6A1677482856E99D000C4B53 /* UIViewController+Utills.swift */; };
		6A16774E2856EEF0000C4B53 /* MainViewController.swift in Sources */ = {isa = PBXBuildFile; fileRef = 6A16774D2856EEF0000C4B53 /* MainViewController.swift */; };
		6A41241328505B7C00D47295 /* AppDelegate.swift in Sources */ = {isa = PBXBuildFile; fileRef = 6A41241228505B7C00D47295 /* AppDelegate.swift */; };
		6A41241728505B7C00D47295 /* LoginViewController.swift in Sources */ = {isa = PBXBuildFile; fileRef = 6A41241628505B7C00D47295 /* LoginViewController.swift */; };
		6A41241C28505B7D00D47295 /* Assets.xcassets in Resources */ = {isa = PBXBuildFile; fileRef = 6A41241B28505B7D00D47295 /* Assets.xcassets */; };
		6A41241F28505B7D00D47295 /* LaunchScreen.storyboard in Resources */ = {isa = PBXBuildFile; fileRef = 6A41241D28505B7D00D47295 /* LaunchScreen.storyboard */; };
		6A41243528505B7D00D47295 /* ProjectUITests.swift in Sources */ = {isa = PBXBuildFile; fileRef = 6A41243428505B7D00D47295 /* ProjectUITests.swift */; };
		6A4263B428521C2600F222CB /* OnboardingViewController.swift in Sources */ = {isa = PBXBuildFile; fileRef = 6A4263B328521C2600F222CB /* OnboardingViewController.swift */; };
		6A7470D52858DDDD0076B077 /* DecimalUtils.swift in Sources */ = {isa = PBXBuildFile; fileRef = 6A7470D42858DDDD0076B077 /* DecimalUtils.swift */; };
		6A7470DA2858DE680076B077 /* CurrencyFormatter.swift in Sources */ = {isa = PBXBuildFile; fileRef = 6A7470D92858DE680076B077 /* CurrencyFormatter.swift */; };
		6A82CF9A2852019200CB6ECD /* OnboardingContainerViewController.swift in Sources */ = {isa = PBXBuildFile; fileRef = 6A82CF992852019200CB6ECD /* OnboardingContainerViewController.swift */; };
		6A8561082859BD35002A304F /* CurrencyFormatterTests.swift in Sources */ = {isa = PBXBuildFile; fileRef = 6A8561072859BD35002A304F /* CurrencyFormatterTests.swift */; };
		6A85611F2859EA39002A304F /* NSNotificationName.swift in Sources */ = {isa = PBXBuildFile; fileRef = 6A85611E2859EA39002A304F /* NSNotificationName.swift */; };
		6A8561242859ED07002A304F /* UITextField+SecureToggle.swift in Sources */ = {isa = PBXBuildFile; fileRef = 6A8561232859ED07002A304F /* UITextField+SecureToggle.swift */; };
		6A85612A285A3BBB002A304F /* ShakeyBellView.swift in Sources */ = {isa = PBXBuildFile; fileRef = 6A856129285A3BBB002A304F /* ShakeyBellView.swift */; };
		6A8837C528578F0A002E515C /* AccountSummaryCell.swift in Sources */ = {isa = PBXBuildFile; fileRef = 6A8837C428578F0A002E515C /* AccountSummaryCell.swift */; };
		6A8F8A6D285063FC005149CB /* LoginView.swift in Sources */ = {isa = PBXBuildFile; fileRef = 6A8F8A6C285063FB005149CB /* LoginView.swift */; };
		6AAD6AA52857477C00269503 /* AccountSummaryViewController.swift in Sources */ = {isa = PBXBuildFile; fileRef = 6AAD6AA42857477C00269503 /* AccountSummaryViewController.swift */; };
		6AAD6AAB28574BB800269503 /* AccountSummaryHeaderView.swift in Sources */ = {isa = PBXBuildFile; fileRef = 6AAD6AAA28574BB800269503 /* AccountSummaryHeaderView.swift */; };
		6AAD6AB028574C4000269503 /* AccountSummaryHeaderView.xib in Resources */ = {isa = PBXBuildFile; fileRef = 6AAD6AAF28574C4000269503 /* AccountSummaryHeaderView.xib */; };
		6AC496C6285395FB00FAFFB8 /* LocalState.swift in Sources */ = {isa = PBXBuildFile; fileRef = 6AC496C5285395FB00FAFFB8 /* LocalState.swift */; };
		6AE16841285342310023C6A8 /* DummyViewController.swift in Sources */ = {isa = PBXBuildFile; fileRef = 6AE16840285342310023C6A8 /* DummyViewController.swift */; };
/* End PBXBuildFile section */

/* Begin PBXContainerItemProxy section */
		6A41242628505B7D00D47295 /* PBXContainerItemProxy */ = {
			isa = PBXContainerItemProxy;
			containerPortal = 6A41240728505B7C00D47295 /* Project object */;
			proxyType = 1;
			remoteGlobalIDString = 6A41240E28505B7C00D47295;
			remoteInfo = Project;
		};
		6A41243128505B7D00D47295 /* PBXContainerItemProxy */ = {
			isa = PBXContainerItemProxy;
			containerPortal = 6A41240728505B7C00D47295 /* Project object */;
			proxyType = 1;
			remoteGlobalIDString = 6A41240E28505B7C00D47295;
			remoteInfo = Project;
		};
/* End PBXContainerItemProxy section */

/* Begin PBXFileReference section */
		6A1677482856E99D000C4B53 /* UIViewController+Utills.swift */ = {isa = PBXFileReference; lastKnownFileType = sourcecode.swift; path = "UIViewController+Utills.swift"; sourceTree = "<group>"; };
		6A16774D2856EEF0000C4B53 /* MainViewController.swift */ = {isa = PBXFileReference; lastKnownFileType = sourcecode.swift; path = MainViewController.swift; sourceTree = "<group>"; };
		6A41240F28505B7C00D47295 /* Project.app */ = {isa = PBXFileReference; explicitFileType = wrapper.application; includeInIndex = 0; path = Project.app; sourceTree = BUILT_PRODUCTS_DIR; };
		6A41241228505B7C00D47295 /* AppDelegate.swift */ = {isa = PBXFileReference; lastKnownFileType = sourcecode.swift; path = AppDelegate.swift; sourceTree = "<group>"; };
		6A41241628505B7C00D47295 /* LoginViewController.swift */ = {isa = PBXFileReference; lastKnownFileType = sourcecode.swift; path = LoginViewController.swift; sourceTree = "<group>"; };
		6A41241B28505B7D00D47295 /* Assets.xcassets */ = {isa = PBXFileReference; lastKnownFileType = folder.assetcatalog; path = Assets.xcassets; sourceTree = "<group>"; };
		6A41241E28505B7D00D47295 /* Base */ = {isa = PBXFileReference; lastKnownFileType = file.storyboard; name = Base; path = Base.lproj/LaunchScreen.storyboard; sourceTree = "<group>"; };
		6A41242028505B7D00D47295 /* Info.plist */ = {isa = PBXFileReference; lastKnownFileType = text.plist.xml; path = Info.plist; sourceTree = "<group>"; };
		6A41242528505B7D00D47295 /* ProjectTests.xctest */ = {isa = PBXFileReference; explicitFileType = wrapper.cfbundle; includeInIndex = 0; path = ProjectTests.xctest; sourceTree = BUILT_PRODUCTS_DIR; };
		6A41242B28505B7D00D47295 /* Info.plist */ = {isa = PBXFileReference; lastKnownFileType = text.plist.xml; path = Info.plist; sourceTree = "<group>"; };
		6A41243028505B7D00D47295 /* ProjectUITests.xctest */ = {isa = PBXFileReference; explicitFileType = wrapper.cfbundle; includeInIndex = 0; path = ProjectUITests.xctest; sourceTree = BUILT_PRODUCTS_DIR; };
		6A41243428505B7D00D47295 /* ProjectUITests.swift */ = {isa = PBXFileReference; lastKnownFileType = sourcecode.swift; path = ProjectUITests.swift; sourceTree = "<group>"; };
		6A41243628505B7D00D47295 /* Info.plist */ = {isa = PBXFileReference; lastKnownFileType = text.plist.xml; path = Info.plist; sourceTree = "<group>"; };
		6A4263B328521C2600F222CB /* OnboardingViewController.swift */ = {isa = PBXFileReference; lastKnownFileType = sourcecode.swift; path = OnboardingViewController.swift; sourceTree = "<group>"; };
		6A7470D42858DDDD0076B077 /* DecimalUtils.swift */ = {isa = PBXFileReference; lastKnownFileType = sourcecode.swift; path = DecimalUtils.swift; sourceTree = "<group>"; };
		6A7470D92858DE680076B077 /* CurrencyFormatter.swift */ = {isa = PBXFileReference; lastKnownFileType = sourcecode.swift; path = CurrencyFormatter.swift; sourceTree = "<group>"; };
		6A82CF992852019200CB6ECD /* OnboardingContainerViewController.swift */ = {isa = PBXFileReference; lastKnownFileType = sourcecode.swift; path = OnboardingContainerViewController.swift; sourceTree = "<group>"; };
		6A8561072859BD35002A304F /* CurrencyFormatterTests.swift */ = {isa = PBXFileReference; lastKnownFileType = sourcecode.swift; path = CurrencyFormatterTests.swift; sourceTree = "<group>"; };
		6A85611E2859EA39002A304F /* NSNotificationName.swift */ = {isa = PBXFileReference; lastKnownFileType = sourcecode.swift; path = NSNotificationName.swift; sourceTree = "<group>"; };
		6A8561232859ED07002A304F /* UITextField+SecureToggle.swift */ = {isa = PBXFileReference; lastKnownFileType = sourcecode.swift; path = "UITextField+SecureToggle.swift"; sourceTree = "<group>"; };
		6A856129285A3BBB002A304F /* ShakeyBellView.swift */ = {isa = PBXFileReference; lastKnownFileType = sourcecode.swift; path = ShakeyBellView.swift; sourceTree = "<group>"; };
		6A8837C428578F0A002E515C /* AccountSummaryCell.swift */ = {isa = PBXFileReference; lastKnownFileType = sourcecode.swift; path = AccountSummaryCell.swift; sourceTree = "<group>"; };
		6A8F8A6C285063FB005149CB /* LoginView.swift */ = {isa = PBXFileReference; lastKnownFileType = sourcecode.swift; path = LoginView.swift; sourceTree = "<group>"; };
		6AAD6AA42857477C00269503 /* AccountSummaryViewController.swift */ = {isa = PBXFileReference; lastKnownFileType = sourcecode.swift; path = AccountSummaryViewController.swift; sourceTree = "<group>"; };
		6AAD6AAA28574BB800269503 /* AccountSummaryHeaderView.swift */ = {isa = PBXFileReference; lastKnownFileType = sourcecode.swift; path = AccountSummaryHeaderView.swift; sourceTree = "<group>"; };
		6AAD6AAF28574C4000269503 /* AccountSummaryHeaderView.xib */ = {isa = PBXFileReference; lastKnownFileType = file.xib; path = AccountSummaryHeaderView.xib; sourceTree = "<group>"; };
		6AC496C5285395FB00FAFFB8 /* LocalState.swift */ = {isa = PBXFileReference; lastKnownFileType = sourcecode.swift; path = LocalState.swift; sourceTree = "<group>"; };
		6AE16840285342310023C6A8 /* DummyViewController.swift */ = {isa = PBXFileReference; lastKnownFileType = sourcecode.swift; path = DummyViewController.swift; sourceTree = "<group>"; };
/* End PBXFileReference section */

/* Begin PBXFrameworksBuildPhase section */
		6A41240C28505B7C00D47295 /* Frameworks */ = {
			isa = PBXFrameworksBuildPhase;
			buildActionMask = 2147483647;
			files = (
			);
			runOnlyForDeploymentPostprocessing = 0;
		};
		6A41242228505B7D00D47295 /* Frameworks */ = {
			isa = PBXFrameworksBuildPhase;
			buildActionMask = 2147483647;
			files = (
			);
			runOnlyForDeploymentPostprocessing = 0;
		};
		6A41242D28505B7D00D47295 /* Frameworks */ = {
			isa = PBXFrameworksBuildPhase;
			buildActionMask = 2147483647;
			files = (
			);
			runOnlyForDeploymentPostprocessing = 0;
		};
/* End PBXFrameworksBuildPhase section */

/* Begin PBXGroup section */
		6A2175CA28578BD500C94533 /* Header */ = {
			isa = PBXGroup;
			children = (
				6AAD6AAF28574C4000269503 /* AccountSummaryHeaderView.xib */,
				6AAD6AAA28574BB800269503 /* AccountSummaryHeaderView.swift */,
			);
			path = Header;
			sourceTree = "<group>";
		};
		6A41240628505B7C00D47295 = {
			isa = PBXGroup;
			children = (
				6A41241128505B7C00D47295 /* Project */,
				6A41242828505B7D00D47295 /* ProjectTests */,
				6A41243328505B7D00D47295 /* ProjectUITests */,
				6A41241028505B7C00D47295 /* Products */,
			);
			sourceTree = "<group>";
		};
		6A41241028505B7C00D47295 /* Products */ = {
			isa = PBXGroup;
			children = (
				6A41240F28505B7C00D47295 /* Project.app */,
				6A41242528505B7D00D47295 /* ProjectTests.xctest */,
				6A41243028505B7D00D47295 /* ProjectUITests.xctest */,
			);
			name = Products;
			sourceTree = "<group>";
		};
		6A41241128505B7C00D47295 /* Project */ = {
			isa = PBXGroup;
			children = (
				6A16774D2856EEF0000C4B53 /* MainViewController.swift */,
				6A41241228505B7C00D47295 /* AppDelegate.swift */,
				6A41244C2850600A00D47295 /* Login */,
				6A82CF982852016900CB6ECD /* Onboarding */,
				6AAD6AA32857470A00269503 /* AccountSummary */,
				6A856128285A3B85002A304F /* Components */,
				6AC496C4285395DD00FAFFB8 /* Utils */,
				6A41244B28505FF300D47295 /* Files */,
			);
			path = Project;
			sourceTree = "<group>";
		};
		6A41242828505B7D00D47295 /* ProjectTests */ = {
			isa = PBXGroup;
			children = (
				6A41242B28505B7D00D47295 /* Info.plist */,
				6A8561072859BD35002A304F /* CurrencyFormatterTests.swift */,
			);
			path = ProjectTests;
			sourceTree = "<group>";
		};
		6A41243328505B7D00D47295 /* ProjectUITests */ = {
			isa = PBXGroup;
			children = (
				6A41243428505B7D00D47295 /* ProjectUITests.swift */,
				6A41243628505B7D00D47295 /* Info.plist */,
			);
			path = ProjectUITests;
			sourceTree = "<group>";
		};
		6A41244B28505FF300D47295 /* Files */ = {
			isa = PBXGroup;
			children = (
				6A41241B28505B7D00D47295 /* Assets.xcassets */,
				6A41241D28505B7D00D47295 /* LaunchScreen.storyboard */,
				6A41242028505B7D00D47295 /* Info.plist */,
			);
			name = Files;
			sourceTree = "<group>";
		};
		6A41244C2850600A00D47295 /* Login */ = {
			isa = PBXGroup;
			children = (
				6A41241628505B7C00D47295 /* LoginViewController.swift */,
				6A8F8A6C285063FB005149CB /* LoginView.swift */,
				6AE16840285342310023C6A8 /* DummyViewController.swift */,
			);
			path = Login;
			sourceTree = "<group>";
		};
		6A82CF982852016900CB6ECD /* Onboarding */ = {
			isa = PBXGroup;
			children = (
				6A82CF992852019200CB6ECD /* OnboardingContainerViewController.swift */,
				6A4263B328521C2600F222CB /* OnboardingViewController.swift */,
			);
			path = Onboarding;
			sourceTree = "<group>";
		};
		6A856128285A3B85002A304F /* Components */ = {
			isa = PBXGroup;
			children = (
				6A856129285A3BBB002A304F /* ShakeyBellView.swift */,
			);
			path = Components;
			sourceTree = "<group>";
		};
		6A8837C328578EB7002E515C /* Cells */ = {
			isa = PBXGroup;
			children = (
				6A8837C428578F0A002E515C /* AccountSummaryCell.swift */,
			);
			path = Cells;
			sourceTree = "<group>";
		};
		6AAD6AA32857470A00269503 /* AccountSummary */ = {
			isa = PBXGroup;
			children = (
				6AAD6AA42857477C00269503 /* AccountSummaryViewController.swift */,
				6A2175CA28578BD500C94533 /* Header */,
				6A8837C328578EB7002E515C /* Cells */,
			);
			path = AccountSummary;
			sourceTree = "<group>";
		};
		6AC496C4285395DD00FAFFB8 /* Utils */ = {
			isa = PBXGroup;
			children = (
				6AC496C5285395FB00FAFFB8 /* LocalState.swift */,
				6A1677482856E99D000C4B53 /* UIViewController+Utills.swift */,
				6A7470D42858DDDD0076B077 /* DecimalUtils.swift */,
				6A7470D92858DE680076B077 /* CurrencyFormatter.swift */,
				6A85611E2859EA39002A304F /* NSNotificationName.swift */,
				6A8561232859ED07002A304F /* UITextField+SecureToggle.swift */,
			);
			path = Utils;
			sourceTree = "<group>";
		};
/* End PBXGroup section */

/* Begin PBXNativeTarget section */
		6A41240E28505B7C00D47295 /* Project */ = {
			isa = PBXNativeTarget;
			buildConfigurationList = 6A41243928505B7E00D47295 /* Build configuration list for PBXNativeTarget "Project" */;
			buildPhases = (
				6A41240B28505B7C00D47295 /* Sources */,
				6A41240C28505B7C00D47295 /* Frameworks */,
				6A41240D28505B7C00D47295 /* Resources */,
			);
			buildRules = (
			);
			dependencies = (
			);
			name = Project;
			productName = Project;
			productReference = 6A41240F28505B7C00D47295 /* Project.app */;
			productType = "com.apple.product-type.application";
		};
		6A41242428505B7D00D47295 /* ProjectTests */ = {
			isa = PBXNativeTarget;
			buildConfigurationList = 6A41243C28505B7E00D47295 /* Build configuration list for PBXNativeTarget "ProjectTests" */;
			buildPhases = (
				6A41242128505B7D00D47295 /* Sources */,
				6A41242228505B7D00D47295 /* Frameworks */,
				6A41242328505B7D00D47295 /* Resources */,
			);
			buildRules = (
			);
			dependencies = (
				6A41242728505B7D00D47295 /* PBXTargetDependency */,
			);
			name = ProjectTests;
			productName = ProjectTests;
			productReference = 6A41242528505B7D00D47295 /* ProjectTests.xctest */;
			productType = "com.apple.product-type.bundle.unit-test";
		};
		6A41242F28505B7D00D47295 /* ProjectUITests */ = {
			isa = PBXNativeTarget;
			buildConfigurationList = 6A41243F28505B7E00D47295 /* Build configuration list for PBXNativeTarget "ProjectUITests" */;
			buildPhases = (
				6A41242C28505B7D00D47295 /* Sources */,
				6A41242D28505B7D00D47295 /* Frameworks */,
				6A41242E28505B7D00D47295 /* Resources */,
			);
			buildRules = (
			);
			dependencies = (
				6A41243228505B7D00D47295 /* PBXTargetDependency */,
			);
			name = ProjectUITests;
			productName = ProjectUITests;
			productReference = 6A41243028505B7D00D47295 /* ProjectUITests.xctest */;
			productType = "com.apple.product-type.bundle.ui-testing";
		};
/* End PBXNativeTarget section */

/* Begin PBXProject section */
		6A41240728505B7C00D47295 /* Project object */ = {
			isa = PBXProject;
			attributes = {
				LastSwiftUpdateCheck = 1240;
				LastUpgradeCheck = 1240;
				TargetAttributes = {
					6A41240E28505B7C00D47295 = {
						CreatedOnToolsVersion = 12.4;
					};
					6A41242428505B7D00D47295 = {
						CreatedOnToolsVersion = 12.4;
						LastSwiftMigration = 1240;
						TestTargetID = 6A41240E28505B7C00D47295;
					};
					6A41242F28505B7D00D47295 = {
						CreatedOnToolsVersion = 12.4;
						TestTargetID = 6A41240E28505B7C00D47295;
					};
				};
			};
			buildConfigurationList = 6A41240A28505B7C00D47295 /* Build configuration list for PBXProject "Project" */;
			compatibilityVersion = "Xcode 9.3";
			developmentRegion = en;
			hasScannedForEncodings = 0;
			knownRegions = (
				en,
				Base,
			);
			mainGroup = 6A41240628505B7C00D47295;
			productRefGroup = 6A41241028505B7C00D47295 /* Products */;
			projectDirPath = "";
			projectRoot = "";
			targets = (
				6A41240E28505B7C00D47295 /* Project */,
				6A41242428505B7D00D47295 /* ProjectTests */,
				6A41242F28505B7D00D47295 /* ProjectUITests */,
			);
		};
/* End PBXProject section */

/* Begin PBXResourcesBuildPhase section */
		6A41240D28505B7C00D47295 /* Resources */ = {
			isa = PBXResourcesBuildPhase;
			buildActionMask = 2147483647;
			files = (
				6AAD6AB028574C4000269503 /* AccountSummaryHeaderView.xib in Resources */,
				6A41241F28505B7D00D47295 /* LaunchScreen.storyboard in Resources */,
				6A41241C28505B7D00D47295 /* Assets.xcassets in Resources */,
			);
			runOnlyForDeploymentPostprocessing = 0;
		};
		6A41242328505B7D00D47295 /* Resources */ = {
			isa = PBXResourcesBuildPhase;
			buildActionMask = 2147483647;
			files = (
			);
			runOnlyForDeploymentPostprocessing = 0;
		};
		6A41242E28505B7D00D47295 /* Resources */ = {
			isa = PBXResourcesBuildPhase;
			buildActionMask = 2147483647;
			files = (
			);
			runOnlyForDeploymentPostprocessing = 0;
		};
/* End PBXResourcesBuildPhase section */

/* Begin PBXSourcesBuildPhase section */
		6A41240B28505B7C00D47295 /* Sources */ = {
			isa = PBXSourcesBuildPhase;
			buildActionMask = 2147483647;
			files = (
				6A8F8A6D285063FC005149CB /* LoginView.swift in Sources */,
				6AC496C6285395FB00FAFFB8 /* LocalState.swift in Sources */,
				6AE16841285342310023C6A8 /* DummyViewController.swift in Sources */,
				6AAD6AAB28574BB800269503 /* AccountSummaryHeaderView.swift in Sources */,
				6A8561242859ED07002A304F /* UITextField+SecureToggle.swift in Sources */,
				6A41241728505B7C00D47295 /* LoginViewController.swift in Sources */,
				6A7470DA2858DE680076B077 /* CurrencyFormatter.swift in Sources */,
				6A7470D52858DDDD0076B077 /* DecimalUtils.swift in Sources */,
				6A85611F2859EA39002A304F /* NSNotificationName.swift in Sources */,
				6A4263B428521C2600F222CB /* OnboardingViewController.swift in Sources */,
				6A85612A285A3BBB002A304F /* ShakeyBellView.swift in Sources */,
				6A8837C528578F0A002E515C /* AccountSummaryCell.swift in Sources */,
				6A1677492856E99D000C4B53 /* UIViewController+Utills.swift in Sources */,
				6A16774E2856EEF0000C4B53 /* MainViewController.swift in Sources */,
				6AAD6AA52857477C00269503 /* AccountSummaryViewController.swift in Sources */,
				6A41241328505B7C00D47295 /* AppDelegate.swift in Sources */,
				6A82CF9A2852019200CB6ECD /* OnboardingContainerViewController.swift in Sources */,
			);
			runOnlyForDeploymentPostprocessing = 0;
		};
		6A41242128505B7D00D47295 /* Sources */ = {
			isa = PBXSourcesBuildPhase;
			buildActionMask = 2147483647;
			files = (
				6A8561082859BD35002A304F /* CurrencyFormatterTests.swift in Sources */,
			);
			runOnlyForDeploymentPostprocessing = 0;
		};
		6A41242C28505B7D00D47295 /* Sources */ = {
			isa = PBXSourcesBuildPhase;
			buildActionMask = 2147483647;
			files = (
				6A41243528505B7D00D47295 /* ProjectUITests.swift in Sources */,
			);
			runOnlyForDeploymentPostprocessing = 0;
		};
/* End PBXSourcesBuildPhase section */

/* Begin PBXTargetDependency section */
		6A41242728505B7D00D47295 /* PBXTargetDependency */ = {
			isa = PBXTargetDependency;
			target = 6A41240E28505B7C00D47295 /* Project */;
			targetProxy = 6A41242628505B7D00D47295 /* PBXContainerItemProxy */;
		};
		6A41243228505B7D00D47295 /* PBXTargetDependency */ = {
			isa = PBXTargetDependency;
			target = 6A41240E28505B7C00D47295 /* Project */;
			targetProxy = 6A41243128505B7D00D47295 /* PBXContainerItemProxy */;
		};
/* End PBXTargetDependency section */

/* Begin PBXVariantGroup section */
		6A41241D28505B7D00D47295 /* LaunchScreen.storyboard */ = {
			isa = PBXVariantGroup;
			children = (
				6A41241E28505B7D00D47295 /* Base */,
			);
			name = LaunchScreen.storyboard;
			sourceTree = "<group>";
		};
/* End PBXVariantGroup section */

/* Begin XCBuildConfiguration section */
		6A41243728505B7D00D47295 /* Debug */ = {
			isa = XCBuildConfiguration;
			buildSettings = {
				ALWAYS_SEARCH_USER_PATHS = NO;
				CLANG_ANALYZER_NONNULL = YES;
				CLANG_ANALYZER_NUMBER_OBJECT_CONVERSION = YES_AGGRESSIVE;
				CLANG_CXX_LANGUAGE_STANDARD = "gnu++14";
				CLANG_CXX_LIBRARY = "libc++";
				CLANG_ENABLE_MODULES = YES;
				CLANG_ENABLE_OBJC_ARC = YES;
				CLANG_ENABLE_OBJC_WEAK = YES;
				CLANG_WARN_BLOCK_CAPTURE_AUTORELEASING = YES;
				CLANG_WARN_BOOL_CONVERSION = YES;
				CLANG_WARN_COMMA = YES;
				CLANG_WARN_CONSTANT_CONVERSION = YES;
				CLANG_WARN_DEPRECATED_OBJC_IMPLEMENTATIONS = YES;
				CLANG_WARN_DIRECT_OBJC_ISA_USAGE = YES_ERROR;
				CLANG_WARN_DOCUMENTATION_COMMENTS = YES;
				CLANG_WARN_EMPTY_BODY = YES;
				CLANG_WARN_ENUM_CONVERSION = YES;
				CLANG_WARN_INFINITE_RECURSION = YES;
				CLANG_WARN_INT_CONVERSION = YES;
				CLANG_WARN_NON_LITERAL_NULL_CONVERSION = YES;
				CLANG_WARN_OBJC_IMPLICIT_RETAIN_SELF = YES;
				CLANG_WARN_OBJC_LITERAL_CONVERSION = YES;
				CLANG_WARN_OBJC_ROOT_CLASS = YES_ERROR;
				CLANG_WARN_QUOTED_INCLUDE_IN_FRAMEWORK_HEADER = YES;
				CLANG_WARN_RANGE_LOOP_ANALYSIS = YES;
				CLANG_WARN_STRICT_PROTOTYPES = YES;
				CLANG_WARN_SUSPICIOUS_MOVE = YES;
				CLANG_WARN_UNGUARDED_AVAILABILITY = YES_AGGRESSIVE;
				CLANG_WARN_UNREACHABLE_CODE = YES;
				CLANG_WARN__DUPLICATE_METHOD_MATCH = YES;
				COPY_PHASE_STRIP = NO;
				DEBUG_INFORMATION_FORMAT = dwarf;
				ENABLE_STRICT_OBJC_MSGSEND = YES;
				ENABLE_TESTABILITY = YES;
				GCC_C_LANGUAGE_STANDARD = gnu11;
				GCC_DYNAMIC_NO_PIC = NO;
				GCC_NO_COMMON_BLOCKS = YES;
				GCC_OPTIMIZATION_LEVEL = 0;
				GCC_PREPROCESSOR_DEFINITIONS = (
					"DEBUG=1",
					"$(inherited)",
				);
				GCC_WARN_64_TO_32_BIT_CONVERSION = YES;
				GCC_WARN_ABOUT_RETURN_TYPE = YES_ERROR;
				GCC_WARN_UNDECLARED_SELECTOR = YES;
				GCC_WARN_UNINITIALIZED_AUTOS = YES_AGGRESSIVE;
				GCC_WARN_UNUSED_FUNCTION = YES;
				GCC_WARN_UNUSED_VARIABLE = YES;
				IPHONEOS_DEPLOYMENT_TARGET = 14.4;
				MTL_ENABLE_DEBUG_INFO = INCLUDE_SOURCE;
				MTL_FAST_MATH = YES;
				ONLY_ACTIVE_ARCH = YES;
				SDKROOT = iphoneos;
				SWIFT_ACTIVE_COMPILATION_CONDITIONS = DEBUG;
				SWIFT_OPTIMIZATION_LEVEL = "-Onone";
			};
			name = Debug;
		};
		6A41243828505B7E00D47295 /* Release */ = {
			isa = XCBuildConfiguration;
			buildSettings = {
				ALWAYS_SEARCH_USER_PATHS = NO;
				CLANG_ANALYZER_NONNULL = YES;
				CLANG_ANALYZER_NUMBER_OBJECT_CONVERSION = YES_AGGRESSIVE;
				CLANG_CXX_LANGUAGE_STANDARD = "gnu++14";
				CLANG_CXX_LIBRARY = "libc++";
				CLANG_ENABLE_MODULES = YES;
				CLANG_ENABLE_OBJC_ARC = YES;
				CLANG_ENABLE_OBJC_WEAK = YES;
				CLANG_WARN_BLOCK_CAPTURE_AUTORELEASING = YES;
				CLANG_WARN_BOOL_CONVERSION = YES;
				CLANG_WARN_COMMA = YES;
				CLANG_WARN_CONSTANT_CONVERSION = YES;
				CLANG_WARN_DEPRECATED_OBJC_IMPLEMENTATIONS = YES;
				CLANG_WARN_DIRECT_OBJC_ISA_USAGE = YES_ERROR;
				CLANG_WARN_DOCUMENTATION_COMMENTS = YES;
				CLANG_WARN_EMPTY_BODY = YES;
				CLANG_WARN_ENUM_CONVERSION = YES;
				CLANG_WARN_INFINITE_RECURSION = YES;
				CLANG_WARN_INT_CONVERSION = YES;
				CLANG_WARN_NON_LITERAL_NULL_CONVERSION = YES;
				CLANG_WARN_OBJC_IMPLICIT_RETAIN_SELF = YES;
				CLANG_WARN_OBJC_LITERAL_CONVERSION = YES;
				CLANG_WARN_OBJC_ROOT_CLASS = YES_ERROR;
				CLANG_WARN_QUOTED_INCLUDE_IN_FRAMEWORK_HEADER = YES;
				CLANG_WARN_RANGE_LOOP_ANALYSIS = YES;
				CLANG_WARN_STRICT_PROTOTYPES = YES;
				CLANG_WARN_SUSPICIOUS_MOVE = YES;
				CLANG_WARN_UNGUARDED_AVAILABILITY = YES_AGGRESSIVE;
				CLANG_WARN_UNREACHABLE_CODE = YES;
				CLANG_WARN__DUPLICATE_METHOD_MATCH = YES;
				COPY_PHASE_STRIP = NO;
				DEBUG_INFORMATION_FORMAT = "dwarf-with-dsym";
				ENABLE_NS_ASSERTIONS = NO;
				ENABLE_STRICT_OBJC_MSGSEND = YES;
				GCC_C_LANGUAGE_STANDARD = gnu11;
				GCC_NO_COMMON_BLOCKS = YES;
				GCC_WARN_64_TO_32_BIT_CONVERSION = YES;
				GCC_WARN_ABOUT_RETURN_TYPE = YES_ERROR;
				GCC_WARN_UNDECLARED_SELECTOR = YES;
				GCC_WARN_UNINITIALIZED_AUTOS = YES_AGGRESSIVE;
				GCC_WARN_UNUSED_FUNCTION = YES;
				GCC_WARN_UNUSED_VARIABLE = YES;
				IPHONEOS_DEPLOYMENT_TARGET = 14.4;
				MTL_ENABLE_DEBUG_INFO = NO;
				MTL_FAST_MATH = YES;
				SDKROOT = iphoneos;
				SWIFT_COMPILATION_MODE = wholemodule;
				SWIFT_OPTIMIZATION_LEVEL = "-O";
				VALIDATE_PRODUCT = YES;
			};
			name = Release;
		};
		6A41243A28505B7E00D47295 /* Debug */ = {
			isa = XCBuildConfiguration;
			buildSettings = {
				ASSETCATALOG_COMPILER_APPICON_NAME = AppIcon;
				ASSETCATALOG_COMPILER_GLOBAL_ACCENT_COLOR_NAME = AccentColor;
				CODE_SIGN_STYLE = Automatic;
				INFOPLIST_FILE = Project/Info.plist;
				LD_RUNPATH_SEARCH_PATHS = (
					"$(inherited)",
					"@executable_path/Frameworks",
				);
				PRODUCT_BUNDLE_IDENTIFIER = com.codewithutsav.Project;
				PRODUCT_NAME = "$(TARGET_NAME)";
				SWIFT_VERSION = 5.0;
				TARGETED_DEVICE_FAMILY = "1,2";
			};
			name = Debug;
		};
		6A41243B28505B7E00D47295 /* Release */ = {
			isa = XCBuildConfiguration;
			buildSettings = {
				ASSETCATALOG_COMPILER_APPICON_NAME = AppIcon;
				ASSETCATALOG_COMPILER_GLOBAL_ACCENT_COLOR_NAME = AccentColor;
				CODE_SIGN_STYLE = Automatic;
				INFOPLIST_FILE = Project/Info.plist;
				LD_RUNPATH_SEARCH_PATHS = (
					"$(inherited)",
					"@executable_path/Frameworks",
				);
				PRODUCT_BUNDLE_IDENTIFIER = com.codewithutsav.Project;
				PRODUCT_NAME = "$(TARGET_NAME)";
				SWIFT_VERSION = 5.0;
				TARGETED_DEVICE_FAMILY = "1,2";
			};
			name = Release;
		};
		6A41243D28505B7E00D47295 /* Debug */ = {
			isa = XCBuildConfiguration;
			buildSettings = {
				ALWAYS_EMBED_SWIFT_STANDARD_LIBRARIES = YES;
				BUNDLE_LOADER = "$(TEST_HOST)";
				CLANG_ENABLE_MODULES = YES;
				CODE_SIGN_STYLE = Automatic;
				INFOPLIST_FILE = ProjectTests/Info.plist;
				IPHONEOS_DEPLOYMENT_TARGET = 14.4;
				LD_RUNPATH_SEARCH_PATHS = (
					"$(inherited)",
					"@executable_path/Frameworks",
					"@loader_path/Frameworks",
				);
				PRODUCT_BUNDLE_IDENTIFIER = com.codewithutsav.ProjectTests;
				PRODUCT_NAME = "$(TARGET_NAME)";
				SWIFT_OPTIMIZATION_LEVEL = "-Onone";
				SWIFT_VERSION = 5.0;
				TARGETED_DEVICE_FAMILY = "1,2";
				TEST_HOST = "$(BUILT_PRODUCTS_DIR)/Project.app/Project";
			};
			name = Debug;
		};
		6A41243E28505B7E00D47295 /* Release */ = {
			isa = XCBuildConfiguration;
			buildSettings = {
				ALWAYS_EMBED_SWIFT_STANDARD_LIBRARIES = YES;
				BUNDLE_LOADER = "$(TEST_HOST)";
				CLANG_ENABLE_MODULES = YES;
				CODE_SIGN_STYLE = Automatic;
				INFOPLIST_FILE = ProjectTests/Info.plist;
				IPHONEOS_DEPLOYMENT_TARGET = 14.4;
				LD_RUNPATH_SEARCH_PATHS = (
					"$(inherited)",
					"@executable_path/Frameworks",
					"@loader_path/Frameworks",
				);
				PRODUCT_BUNDLE_IDENTIFIER = com.codewithutsav.ProjectTests;
				PRODUCT_NAME = "$(TARGET_NAME)";
				SWIFT_VERSION = 5.0;
				TARGETED_DEVICE_FAMILY = "1,2";
				TEST_HOST = "$(BUILT_PRODUCTS_DIR)/Project.app/Project";
			};
			name = Release;
		};
		6A41244028505B7E00D47295 /* Debug */ = {
			isa = XCBuildConfiguration;
			buildSettings = {
				ALWAYS_EMBED_SWIFT_STANDARD_LIBRARIES = YES;
				CODE_SIGN_STYLE = Automatic;
				INFOPLIST_FILE = ProjectUITests/Info.plist;
				LD_RUNPATH_SEARCH_PATHS = (
					"$(inherited)",
					"@executable_path/Frameworks",
					"@loader_path/Frameworks",
				);
				PRODUCT_BUNDLE_IDENTIFIER = com.codewithutsav.ProjectUITests;
				PRODUCT_NAME = "$(TARGET_NAME)";
				SWIFT_VERSION = 5.0;
				TARGETED_DEVICE_FAMILY = "1,2";
				TEST_TARGET_NAME = Project;
			};
			name = Debug;
		};
		6A41244128505B7E00D47295 /* Release */ = {
			isa = XCBuildConfiguration;
			buildSettings = {
				ALWAYS_EMBED_SWIFT_STANDARD_LIBRARIES = YES;
				CODE_SIGN_STYLE = Automatic;
				INFOPLIST_FILE = ProjectUITests/Info.plist;
				LD_RUNPATH_SEARCH_PATHS = (
					"$(inherited)",
					"@executable_path/Frameworks",
					"@loader_path/Frameworks",
				);
				PRODUCT_BUNDLE_IDENTIFIER = com.codewithutsav.ProjectUITests;
				PRODUCT_NAME = "$(TARGET_NAME)";
				SWIFT_VERSION = 5.0;
				TARGETED_DEVICE_FAMILY = "1,2";
				TEST_TARGET_NAME = Project;
			};
			name = Release;
		};
/* End XCBuildConfiguration section */

/* Begin XCConfigurationList section */
		6A41240A28505B7C00D47295 /* Build configuration list for PBXProject "Project" */ = {
			isa = XCConfigurationList;
			buildConfigurations = (
				6A41243728505B7D00D47295 /* Debug */,
				6A41243828505B7E00D47295 /* Release */,
			);
			defaultConfigurationIsVisible = 0;
			defaultConfigurationName = Release;
		};
		6A41243928505B7E00D47295 /* Build configuration list for PBXNativeTarget "Project" */ = {
			isa = XCConfigurationList;
			buildConfigurations = (
				6A41243A28505B7E00D47295 /* Debug */,
				6A41243B28505B7E00D47295 /* Release */,
			);
			defaultConfigurationIsVisible = 0;
			defaultConfigurationName = Release;
		};
		6A41243C28505B7E00D47295 /* Build configuration list for PBXNativeTarget "ProjectTests" */ = {
			isa = XCConfigurationList;
			buildConfigurations = (
				6A41243D28505B7E00D47295 /* Debug */,
				6A41243E28505B7E00D47295 /* Release */,
			);
			defaultConfigurationIsVisible = 0;
			defaultConfigurationName = Release;
		};
		6A41243F28505B7E00D47295 /* Build configuration list for PBXNativeTarget "ProjectUITests" */ = {
			isa = XCConfigurationList;
			buildConfigurations = (
				6A41244028505B7E00D47295 /* Debug */,
				6A41244128505B7E00D47295 /* Release */,
			);
			defaultConfigurationIsVisible = 0;
			defaultConfigurationName = Release;
		};
/* End XCConfigurationList section */
	};
	rootObject = 6A41240728505B7C00D47295 /* Project object */;
}
